// !$*UTF8*$!
{
	archiveVersion = 1;
	classes = {
	};
	objectVersion = 46;
	objects = {

/* Begin PBXBuildFile section */
		6126A3D71B0D3890000DB7B3 /* AppDelegate.swift in Sources */ = {isa = PBXBuildFile; fileRef = 6126A3D61B0D3890000DB7B3 /* AppDelegate.swift */; };
		6126A3D91B0D3890000DB7B3 /* ViewController.swift in Sources */ = {isa = PBXBuildFile; fileRef = 6126A3D81B0D3890000DB7B3 /* ViewController.swift */; };
		6126A3DC1B0D3890000DB7B3 /* Main.storyboard in Resources */ = {isa = PBXBuildFile; fileRef = 6126A3DA1B0D3890000DB7B3 /* Main.storyboard */; };
		6126A3DE1B0D3890000DB7B3 /* Images.xcassets in Resources */ = {isa = PBXBuildFile; fileRef = 6126A3DD1B0D3890000DB7B3 /* Images.xcassets */; };
		6126A3E11B0D3890000DB7B3 /* LaunchScreen.xib in Resources */ = {isa = PBXBuildFile; fileRef = 6126A3DF1B0D3890000DB7B3 /* LaunchScreen.xib */; };
		6126A3ED1B0D3890000DB7B3 /* ScrollViewWithTextViewTests.swift in Sources */ = {isa = PBXBuildFile; fileRef = 6126A3EC1B0D3890000DB7B3 /* ScrollViewWithTextViewTests.swift */; };
		61C4784E1B0E7AA800807638 /* sample.png in Resources */ = {isa = PBXBuildFile; fileRef = 61C4784D1B0E7AA800807638 /* sample.png */; };
/* End PBXBuildFile section */

/* Begin PBXContainerItemProxy section */
		6126A3E71B0D3890000DB7B3 /* PBXContainerItemProxy */ = {
			isa = PBXContainerItemProxy;
			containerPortal = 6126A3C91B0D3890000DB7B3 /* Project object */;
			proxyType = 1;
			remoteGlobalIDString = 6126A3D01B0D3890000DB7B3;
			remoteInfo = ScrollViewWithTextView;
		};
/* End PBXContainerItemProxy section */

/* Begin PBXFileReference section */
		6126A3D11B0D3890000DB7B3 /* ScrollViewWithTextView.app */ = {isa = PBXFileReference; explicitFileType = wrapper.application; includeInIndex = 0; path = ScrollViewWithTextView.app; sourceTree = BUILT_PRODUCTS_DIR; };
		6126A3D51B0D3890000DB7B3 /* Info.plist */ = {isa = PBXFileReference; lastKnownFileType = text.plist.xml; path = Info.plist; sourceTree = "<group>"; };
		6126A3D61B0D3890000DB7B3 /* AppDelegate.swift */ = {isa = PBXFileReference; lastKnownFileType = sourcecode.swift; path = AppDelegate.swift; sourceTree = "<group>"; };
		6126A3D81B0D3890000DB7B3 /* ViewController.swift */ = {isa = PBXFileReference; lastKnownFileType = sourcecode.swift; path = ViewController.swift; sourceTree = "<group>"; };
		6126A3DB1B0D3890000DB7B3 /* Base */ = {isa = PBXFileReference; lastKnownFileType = file.storyboard; name = Base; path = Base.lproj/Main.storyboard; sourceTree = "<group>"; };
		6126A3DD1B0D3890000DB7B3 /* Images.xcassets */ = {isa = PBXFileReference; lastKnownFileType = folder.assetcatalog; path = Images.xcassets; sourceTree = "<group>"; };
		6126A3E01B0D3890000DB7B3 /* Base */ = {isa = PBXFileReference; lastKnownFileType = file.xib; name = Base; path = Base.lproj/LaunchScreen.xib; sourceTree = "<group>"; };
		6126A3E61B0D3890000DB7B3 /* ScrollViewWithTextViewTests.xctest */ = {isa = PBXFileReference; explicitFileType = wrapper.cfbundle; includeInIndex = 0; path = ScrollViewWithTextViewTests.xctest; sourceTree = BUILT_PRODUCTS_DIR; };
		6126A3EB1B0D3890000DB7B3 /* Info.plist */ = {isa = PBXFileReference; lastKnownFileType = text.plist.xml; path = Info.plist; sourceTree = "<group>"; };
		6126A3EC1B0D3890000DB7B3 /* ScrollViewWithTextViewTests.swift */ = {isa = PBXFileReference; lastKnownFileType = sourcecode.swift; path = ScrollViewWithTextViewTests.swift; sourceTree = "<group>"; };
		61C4784D1B0E7AA800807638 /* sample.png */ = {isa = PBXFileReference; lastKnownFileType = image.png; path = sample.png; sourceTree = "<group>"; };
/* End PBXFileReference section */

/* Begin PBXFrameworksBuildPhase section */
		6126A3CE1B0D3890000DB7B3 /* Frameworks */ = {
			isa = PBXFrameworksBuildPhase;
			buildActionMask = 2147483647;
			files = (
			);
			runOnlyForDeploymentPostprocessing = 0;
		};
		6126A3E31B0D3890000DB7B3 /* Frameworks */ = {
			isa = PBXFrameworksBuildPhase;
			buildActionMask = 2147483647;
			files = (
			);
			runOnlyForDeploymentPostprocessing = 0;
		};
/* End PBXFrameworksBuildPhase section */

/* Begin PBXGroup section */
		6126A3C81B0D3890000DB7B3 = {
			isa = PBXGroup;
			children = (
				6126A3D31B0D3890000DB7B3 /* ScrollViewWithTextView */,
				6126A3E91B0D3890000DB7B3 /* ScrollViewWithTextViewTests */,
				6126A3D21B0D3890000DB7B3 /* Products */,
			);
			sourceTree = "<group>";
		};
		6126A3D21B0D3890000DB7B3 /* Products */ = {
			isa = PBXGroup;
			children = (
				6126A3D11B0D3890000DB7B3 /* ScrollViewWithTextView.app */,
				6126A3E61B0D3890000DB7B3 /* ScrollViewWithTextViewTests.xctest */,
			);
			name = Products;
			sourceTree = "<group>";
		};
		6126A3D31B0D3890000DB7B3 /* ScrollViewWithTextView */ = {
			isa = PBXGroup;
			children = (
				61C4784D1B0E7AA800807638 /* sample.png */,
				6126A3D61B0D3890000DB7B3 /* AppDelegate.swift */,
				6126A3D81B0D3890000DB7B3 /* ViewController.swift */,
				6126A3DA1B0D3890000DB7B3 /* Main.storyboard */,
				6126A3DD1B0D3890000DB7B3 /* Images.xcassets */,
				6126A3DF1B0D3890000DB7B3 /* LaunchScreen.xib */,
				6126A3D41B0D3890000DB7B3 /* Supporting Files */,
			);
			path = ScrollViewWithTextView;
			sourceTree = "<group>";
		};
		6126A3D41B0D3890000DB7B3 /* Supporting Files */ = {
			isa = PBXGroup;
			children = (
				6126A3D51B0D3890000DB7B3 /* Info.plist */,
			);
			name = "Supporting Files";
			sourceTree = "<group>";
		};
		6126A3E91B0D3890000DB7B3 /* ScrollViewWithTextViewTests */ = {
			isa = PBXGroup;
			children = (
				6126A3EC1B0D3890000DB7B3 /* ScrollViewWithTextViewTests.swift */,
				6126A3EA1B0D3890000DB7B3 /* Supporting Files */,
			);
			path = ScrollViewWithTextViewTests;
			sourceTree = "<group>";
		};
		6126A3EA1B0D3890000DB7B3 /* Supporting Files */ = {
			isa = PBXGroup;
			children = (
				6126A3EB1B0D3890000DB7B3 /* Info.plist */,
			);
			name = "Supporting Files";
			sourceTree = "<group>";
		};
/* End PBXGroup section */

/* Begin PBXNativeTarget section */
		6126A3D01B0D3890000DB7B3 /* ScrollViewWithTextView */ = {
			isa = PBXNativeTarget;
			buildConfigurationList = 6126A3F01B0D3890000DB7B3 /* Build configuration list for PBXNativeTarget "ScrollViewWithTextView" */;
			buildPhases = (
				6126A3CD1B0D3890000DB7B3 /* Sources */,
				6126A3CE1B0D3890000DB7B3 /* Frameworks */,
				6126A3CF1B0D3890000DB7B3 /* Resources */,
			);
			buildRules = (
			);
			dependencies = (
			);
			name = ScrollViewWithTextView;
			productName = ScrollViewWithTextView;
			productReference = 6126A3D11B0D3890000DB7B3 /* ScrollViewWithTextView.app */;
			productType = "com.apple.product-type.application";
		};
		6126A3E51B0D3890000DB7B3 /* ScrollViewWithTextViewTests */ = {
			isa = PBXNativeTarget;
			buildConfigurationList = 6126A3F31B0D3890000DB7B3 /* Build configuration list for PBXNativeTarget "ScrollViewWithTextViewTests" */;
			buildPhases = (
				6126A3E21B0D3890000DB7B3 /* Sources */,
				6126A3E31B0D3890000DB7B3 /* Frameworks */,
				6126A3E41B0D3890000DB7B3 /* Resources */,
			);
			buildRules = (
			);
			dependencies = (
				6126A3E81B0D3890000DB7B3 /* PBXTargetDependency */,
			);
			name = ScrollViewWithTextViewTests;
			productName = ScrollViewWithTextViewTests;
			productReference = 6126A3E61B0D3890000DB7B3 /* ScrollViewWithTextViewTests.xctest */;
			productType = "com.apple.product-type.bundle.unit-test";
		};
/* End PBXNativeTarget section */

/* Begin PBXProject section */
		6126A3C91B0D3890000DB7B3 /* Project object */ = {
			isa = PBXProject;
			attributes = {
				LastUpgradeCheck = 0630;
				ORGANIZATIONNAME = "Tobias O'Leary";
				TargetAttributes = {
					6126A3D01B0D3890000DB7B3 = {
						CreatedOnToolsVersion = 6.3.1;
					};
					6126A3E51B0D3890000DB7B3 = {
						CreatedOnToolsVersion = 6.3.1;
						TestTargetID = 6126A3D01B0D3890000DB7B3;
					};
				};
			};
			buildConfigurationList = 6126A3CC1B0D3890000DB7B3 /* Build configuration list for PBXProject "ScrollViewWithTextView" */;
			compatibilityVersion = "Xcode 3.2";
			developmentRegion = English;
			hasScannedForEncodings = 0;
			knownRegions = (
				en,
				Base,
			);
			mainGroup = 6126A3C81B0D3890000DB7B3;
			productRefGroup = 6126A3D21B0D3890000DB7B3 /* Products */;
			projectDirPath = "";
			projectRoot = "";
			targets = (
				6126A3D01B0D3890000DB7B3 /* ScrollViewWithTextView */,
				6126A3E51B0D3890000DB7B3 /* ScrollViewWithTextViewTests */,
			);
		};
/* End PBXProject section */

/* Begin PBXResourcesBuildPhase section */
		6126A3CF1B0D3890000DB7B3 /* Resources */ = {
			isa = PBXResourcesBuildPhase;
			buildActionMask = 2147483647;
			files = (
				6126A3DC1B0D3890000DB7B3 /* Main.storyboard in Resources */,
				6126A3E11B0D3890000DB7B3 /* LaunchScreen.xib in Resources */,
				6126A3DE1B0D3890000DB7B3 /* Images.xcassets in Resources */,
				61C4784E1B0E7AA800807638 /* sample.png in Resources */,
			);
			runOnlyForDeploymentPostprocessing = 0;
		};
		6126A3E41B0D3890000DB7B3 /* Resources */ = {
			isa = PBXResourcesBuildPhase;
			buildActionMask = 2147483647;
			files = (
			);
			runOnlyForDeploymentPostprocessing = 0;
		};
/* End PBXResourcesBuildPhase section */

/* Begin PBXSourcesBuildPhase section */
		6126A3CD1B0D3890000DB7B3 /* Sources */ = {
			isa = PBXSourcesBuildPhase;
			buildActionMask = 2147483647;
			files = (
				6126A3D91B0D3890000DB7B3 /* ViewController.swift in Sources */,
				6126A3D71B0D3890000DB7B3 /* AppDelegate.swift in Sources */,
			);
			runOnlyForDeploymentPostprocessing = 0;
		};
		6126A3E21B0D3890000DB7B3 /* Sources */ = {
			isa = PBXSourcesBuildPhase;
			buildActionMask = 2147483647;
			files = (
				6126A3ED1B0D3890000DB7B3 /* ScrollViewWithTextViewTests.swift in Sources */,
			);
			runOnlyForDeploymentPostprocessing = 0;
		};
/* End PBXSourcesBuildPhase section */

/* Begin PBXTargetDependency section */
		6126A3E81B0D3890000DB7B3 /* PBXTargetDependency */ = {
			isa = PBXTargetDependency;
			target = 6126A3D01B0D3890000DB7B3 /* ScrollViewWithTextView */;
			targetProxy = 6126A3E71B0D3890000DB7B3 /* PBXContainerItemProxy */;
		};
/* End PBXTargetDependency section */

/* Begin PBXVariantGroup section */
		6126A3DA1B0D3890000DB7B3 /* Main.storyboard */ = {
			isa = PBXVariantGroup;
			children = (
				6126A3DB1B0D3890000DB7B3 /* Base */,
			);
			name = Main.storyboard;
			sourceTree = "<group>";
		};
		6126A3DF1B0D3890000DB7B3 /* LaunchScreen.xib */ = {
			isa = PBXVariantGroup;
			children = (
				6126A3E01B0D3890000DB7B3 /* Base */,
			);
			name = LaunchScreen.xib;
			sourceTree = "<group>";
		};
/* End PBXVariantGroup section */

/* Begin XCBuildConfiguration section */
		6126A3EE1B0D3890000DB7B3 /* Debug */ = {
			isa = XCBuildConfiguration;
			buildSettings = {
				ALWAYS_SEARCH_USER_PATHS = NO;
				CLANG_CXX_LANGUAGE_STANDARD = "gnu++0x";
				CLANG_CXX_LIBRARY = "libc++";
				CLANG_ENABLE_MODULES = YES;
				CLANG_ENABLE_OBJC_ARC = YES;
				CLANG_WARN_BOOL_CONVERSION = YES;
				CLANG_WARN_CONSTANT_CONVERSION = YES;
				CLANG_WARN_DIRECT_OBJC_ISA_USAGE = YES_ERROR;
				CLANG_WARN_EMPTY_BODY = YES;
				CLANG_WARN_ENUM_CONVERSION = YES;
				CLANG_WARN_INT_CONVERSION = YES;
				CLANG_WARN_OBJC_ROOT_CLASS = YES_ERROR;
				CLANG_WARN_UNREACHABLE_CODE = YES;
				CLANG_WARN__DUPLICATE_METHOD_MATCH = YES;
				"CODE_SIGN_IDENTITY[sdk=iphoneos*]" = "iPhone Developer";
				COPY_PHASE_STRIP = NO;
				DEBUG_INFORMATION_FORMAT = "dwarf-with-dsym";
				ENABLE_STRICT_OBJC_MSGSEND = YES;
				GCC_C_LANGUAGE_STANDARD = gnu99;
				GCC_DYNAMIC_NO_PIC = NO;
				GCC_NO_COMMON_BLOCKS = YES;
				GCC_OPTIMIZATION_LEVEL = 0;
				GCC_PREPROCESSOR_DEFINITIONS = (
					"DEBUG=1",
					"$(inherited)",
				);
				GCC_SYMBOLS_PRIVATE_EXTERN = NO;
				GCC_WARN_64_TO_32_BIT_CONVERSION = YES;
				GCC_WARN_ABOUT_RETURN_TYPE = YES_ERROR;
				GCC_WARN_UNDECLARED_SELECTOR = YES;
				GCC_WARN_UNINITIALIZED_AUTOS = YES_AGGRESSIVE;
				GCC_WARN_UNUSED_FUNCTION = YES;
				GCC_WARN_UNUSED_VARIABLE = YES;
				IPHONEOS_DEPLOYMENT_TARGET = 8.3;
				MTL_ENABLE_DEBUG_INFO = YES;
				ONLY_ACTIVE_ARCH = YES;
				SDKROOT = iphoneos;
				SWIFT_OPTIMIZATION_LEVEL = "-Onone";
			};
			name = Debug;
		};
		6126A3EF1B0D3890000DB7B3 /* Release */ = {
			isa = XCBuildConfiguration;
			buildSettings = {
				ALWAYS_SEARCH_USER_PATHS = NO;
				CLANG_CXX_LANGUAGE_STANDARD = "gnu++0x";
				CLANG_CXX_LIBRARY = "libc++";
				CLANG_ENABLE_MODULES = YES;
				CLANG_ENABLE_OBJC_ARC = YES;
				CLANG_WARN_BOOL_CONVERSION = YES;
				CLANG_WARN_CONSTANT_CONVERSION = YES;
				CLANG_WARN_DIRECT_OBJC_ISA_USAGE = YES_ERROR;
				CLANG_WARN_EMPTY_BODY = YES;
				CLANG_WARN_ENUM_CONVERSION = YES;
				CLANG_WARN_INT_CONVERSION = YES;
				CLANG_WARN_OBJC_ROOT_CLASS = YES_ERROR;
				CLANG_WARN_UNREACHABLE_CODE = YES;
				CLANG_WARN__DUPLICATE_METHOD_MATCH = YES;
				"CODE_SIGN_IDENTITY[sdk=iphoneos*]" = "iPhone Developer";
				COPY_PHASE_STRIP = NO;
				DEBUG_INFORMATION_FORMAT = "dwarf-with-dsym";
				ENABLE_NS_ASSERTIONS = NO;
				ENABLE_STRICT_OBJC_MSGSEND = YES;
				GCC_C_LANGUAGE_STANDARD = gnu99;
				GCC_NO_COMMON_BLOCKS = YES;
				GCC_WARN_64_TO_32_BIT_CONVERSION = YES;
				GCC_WARN_ABOUT_RETURN_TYPE = YES_ERROR;
				GCC_WARN_UNDECLARED_SELECTOR = YES;
				GCC_WARN_UNINITIALIZED_AUTOS = YES_AGGRESSIVE;
				GCC_WARN_UNUSED_FUNCTION = YES;
				GCC_WARN_UNUSED_VARIABLE = YES;
				IPHONEOS_DEPLOYMENT_TARGET = 8.3;
				MTL_ENABLE_DEBUG_INFO = NO;
				SDKROOT = iphoneos;
				VALIDATE_PRODUCT = YES;
			};
			name = Release;
		};
		6126A3F11B0D3890000DB7B3 /* Debug */ = {
			isa = XCBuildConfiguration;
			buildSettings = {
				ASSETCATALOG_COMPILER_APPICON_NAME = AppIcon;
				INFOPLIST_FILE = ScrollViewWithTextView/Info.plist;
				LD_RUNPATH_SEARCH_PATHS = "$(inherited) @executable_path/Frameworks";
				PRODUCT_NAME = "$(TARGET_NAME)";
			};
			name = Debug;
		};
		6126A3F21B0D3890000DB7B3 /* Release */ = {
			isa = XCBuildConfiguration;
			buildSettings = {
				ASSETCATALOG_COMPILER_APPICON_NAME = AppIcon;
				INFOPLIST_FILE = ScrollViewWithTextView/Info.plist;
				LD_RUNPATH_SEARCH_PATHS = "$(inherited) @executable_path/Frameworks";
				PRODUCT_NAME = "$(TARGET_NAME)";
			};
			name = Release;
		};
		6126A3F41B0D3890000DB7B3 /* Debug */ = {
			isa = XCBuildConfiguration;
			buildSettings = {
				BUNDLE_LOADER = "$(TEST_HOST)";
				FRAMEWORK_SEARCH_PATHS = (
					"$(SDKROOT)/Developer/Library/Frameworks",
					"$(inherited)",
				);
				GCC_PREPROCESSOR_DEFINITIONS = (
					"DEBUG=1",
					"$(inherited)",
				);
				INFOPLIST_FILE = ScrollViewWithTextViewTests/Info.plist;
				LD_RUNPATH_SEARCH_PATHS = "$(inherited) @executable_path/Frameworks @loader_path/Frameworks";
				PRODUCT_NAME = "$(TARGET_NAME)";
				TEST_HOST = "$(BUILT_PRODUCTS_DIR)/ScrollViewWithTextView.app/ScrollViewWithTextView";
			};
			name = Debug;
		};
		6126A3F51B0D3890000DB7B3 /* Release */ = {
			isa = XCBuildConfiguration;
			buildSettings = {
				BUNDLE_LOADER = "$(TEST_HOST)";
				FRAMEWORK_SEARCH_PATHS = (
					"$(SDKROOT)/Developer/Library/Frameworks",
					"$(inherited)",
				);
				INFOPLIST_FILE = ScrollViewWithTextViewTests/Info.plist;
				LD_RUNPATH_SEARCH_PATHS = "$(inherited) @executable_path/Frameworks @loader_path/Frameworks";
				PRODUCT_NAME = "$(TARGET_NAME)";
				TEST_HOST = "$(BUILT_PRODUCTS_DIR)/ScrollViewWithTextView.app/ScrollViewWithTextView";
			};
			name = Release;
		};
/* End XCBuildConfiguration section */

/* Begin XCConfigurationList section */
		6126A3CC1B0D3890000DB7B3 /* Build configuration list for PBXProject "ScrollViewWithTextView" */ = {
			isa = XCConfigurationList;
			buildConfigurations = (
				6126A3EE1B0D3890000DB7B3 /* Debug */,
				6126A3EF1B0D3890000DB7B3 /* Release */,
			);
			defaultConfigurationIsVisible = 0;
			defaultConfigurationName = Release;
		};
		6126A3F01B0D3890000DB7B3 /* Build configuration list for PBXNativeTarget "ScrollViewWithTextView" */ = {
			isa = XCConfigurationList;
			buildConfigurations = (
				6126A3F11B0D3890000DB7B3 /* Debug */,
				6126A3F21B0D3890000DB7B3 /* Release */,
			);
			defaultConfigurationIsVisible = 0;
			defaultConfigurationName = Release;
		};
		6126A3F31B0D3890000DB7B3 /* Build configuration list for PBXNativeTarget "ScrollViewWithTextViewTests" */ = {
			isa = XCConfigurationList;
			buildConfigurations = (
				6126A3F41B0D3890000DB7B3 /* Debug */,
				6126A3F51B0D3890000DB7B3 /* Release */,
			);
			defaultConfigurationIsVisible = 0;
			defaultConfigurationName = Release;
		};
/* End XCConfigurationList section */
	};
	rootObject = 6126A3C91B0D3890000DB7B3 /* Project object */;
}
